
Microsoft Visual Studio Solution File, Format Version 12.00
# Visual Studio Version 17
VisualStudioVersion = 17.3.32901.215
MinimumVisualStudioVersion = 10.0.40219.1
Project("{9A19103F-16F7-4668-BE54-9A1E7A4F7556}") = "PolyphoniaWeb", "PolyphoniaWeb.csproj", "{1678C240-C234-4A5B-838B-86426248F7D4}"
EndProject
Project("{2150E333-8FDC-42A3-9474-1A3956D46DE8}") = "Элементы решения", "Элементы решения", "{0CA8DECF-05CF-411D-B51D-015B3114C6A9}"
	ProjectSection(SolutionItems) = preProject
		MyClassDiagram.cd = MyClassDiagram.cd
	EndProjectSection
EndProject
Global
	GlobalSection(SolutionConfigurationPlatforms) = preSolution
		Debug|Any CPU = Debug|Any CPU
		Release|Any CPU = Release|Any CPU
	EndGlobalSection
	GlobalSection(ProjectConfigurationPlatforms) = postSolution
		{1678C240-C234-4A5B-838B-86426248F7D4}.Debug|Any CPU.ActiveCfg = Debug|Any CPU
		{1678C240-C234-4A5B-838B-86426248F7D4}.Debug|Any CPU.Build.0 = Debug|Any CPU
		{1678C240-C234-4A5B-838B-86426248F7D4}.Release|Any CPU.ActiveCfg = Release|Any CPU
		{1678C240-C234-4A5B-838B-86426248F7D4}.Release|Any CPU.Build.0 = Release|Any CPU
	EndGlobalSection
	GlobalSection(SolutionProperties) = preSolution
		HideSolutionNode = FALSE
	EndGlobalSection
	GlobalSection(ExtensibilityGlobals) = postSolution
		SolutionGuid = {46514859-59FF-4554-B07F-783C5D8F5B31}
	EndGlobalSection
EndGlobal
